
Microsoft Visual Studio Solution File, Format Version 12.00
# Visual Studio Version 17
VisualStudioVersion = 17.8.34322.80
MinimumVisualStudioVersion = 10.0.40219.1
Project("{FAE04EC0-301F-11D3-BF4B-00C04F79EFBC}") = "WebBlog", "WebBlog\WebBlog.csproj", "{9798D090-BFDA-4C6F-AF46-B38D2624C2F5}"
EndProject
Global
	GlobalSection(SolutionConfigurationPlatforms) = preSolution
		Debug|Any CPU = Debug|Any CPU
		Release|Any CPU = Release|Any CPU
	EndGlobalSection
	GlobalSection(ProjectConfigurationPlatforms) = postSolution
		{9798D090-BFDA-4C6F-AF46-B38D2624C2F5}.Debug|Any CPU.ActiveCfg = Debug|Any CPU
		{9798D090-BFDA-4C6F-AF46-B38D2624C2F5}.Debug|Any CPU.Build.0 = Debug|Any CPU
		{9798D090-BFDA-4C6F-AF46-B38D2624C2F5}.Release|Any CPU.ActiveCfg = Release|Any CPU
		{9798D090-BFDA-4C6F-AF46-B38D2624C2F5}.Release|Any CPU.Build.0 = Release|Any CPU
	EndGlobalSection
	GlobalSection(SolutionProperties) = preSolution
		HideSolutionNode = FALSE
	EndGlobalSection
	GlobalSection(ExtensibilityGlobals) = postSolution
		SolutionGuid = {1E6A017C-8027-4787-85B0-CE362C45FEBD}
	EndGlobalSection
EndGlobal
